// !$*UTF8*$!
{
	archiveVersion = 1;
	classes = {
	};
	objectVersion = 46;
	objects = {

/* Begin PBXBuildFile section */
		3306F1C11E6453050020D2C1 /* NewsCollapsedTableViewCell.m in Sources */ = {isa = PBXBuildFile; fileRef = 3306F1C01E6453050020D2C1 /* NewsCollapsedTableViewCell.m */; };
		332746AC1E322BCA003A0A20 /* ScrollableMenubarViewController.m in Sources */ = {isa = PBXBuildFile; fileRef = 332746AB1E322BCA003A0A20 /* ScrollableMenubarViewController.m */; };
		333724A91E3608A5001DBE50 /* MapViewController.m in Sources */ = {isa = PBXBuildFile; fileRef = 333724A81E3608A5001DBE50 /* MapViewController.m */; };
		333724BA1E360D22001DBE50 /* GoogleMaps.framework in Frameworks */ = {isa = PBXBuildFile; fileRef = 333724B71E360D22001DBE50 /* GoogleMaps.framework */; };
		333724BB1E360D22001DBE50 /* GoogleMapsBase.framework in Frameworks */ = {isa = PBXBuildFile; fileRef = 333724B81E360D22001DBE50 /* GoogleMapsBase.framework */; };
		333724BC1E360D22001DBE50 /* GoogleMapsCore.framework in Frameworks */ = {isa = PBXBuildFile; fileRef = 333724B91E360D22001DBE50 /* GoogleMapsCore.framework */; };
		333724C01E360DAD001DBE50 /* GoogleMaps.bundle in Resources */ = {isa = PBXBuildFile; fileRef = 333724BF1E360DAD001DBE50 /* GoogleMaps.bundle */; };
		333724CA1E360E35001DBE50 /* Accelerate.framework in Frameworks */ = {isa = PBXBuildFile; fileRef = 333724C51E360E35001DBE50 /* Accelerate.framework */; };
		333724CB1E360E35001DBE50 /* CoreData.framework in Frameworks */ = {isa = PBXBuildFile; fileRef = 333724C61E360E35001DBE50 /* CoreData.framework */; };
		333724CC1E360E35001DBE50 /* CoreGraphics.framework in Frameworks */ = {isa = PBXBuildFile; fileRef = 333724C71E360E35001DBE50 /* CoreGraphics.framework */; };
		333724CD1E360E35001DBE50 /* CoreLocation.framework in Frameworks */ = {isa = PBXBuildFile; fileRef = 333724C81E360E35001DBE50 /* CoreLocation.framework */; };
		333724CE1E360E35001DBE50 /* CoreText.framework in Frameworks */ = {isa = PBXBuildFile; fileRef = 333724C91E360E35001DBE50 /* CoreText.framework */; };
		333724D01E360E45001DBE50 /* GLKit.framework in Frameworks */ = {isa = PBXBuildFile; fileRef = 333724CF1E360E45001DBE50 /* GLKit.framework */; };
		333724D21E360E4C001DBE50 /* ImageIO.framework in Frameworks */ = {isa = PBXBuildFile; fileRef = 333724D11E360E4C001DBE50 /* ImageIO.framework */; };
		333724D41E360E62001DBE50 /* libc++.tbd in Frameworks */ = {isa = PBXBuildFile; fileRef = 333724D31E360E62001DBE50 /* libc++.tbd */; };
		333724D61E360E6A001DBE50 /* libz.tbd in Frameworks */ = {isa = PBXBuildFile; fileRef = 333724D51E360E6A001DBE50 /* libz.tbd */; };
		333724D81E360E7B001DBE50 /* OpenGLES.framework in Frameworks */ = {isa = PBXBuildFile; fileRef = 333724D71E360E7B001DBE50 /* OpenGLES.framework */; };
		333724DA1E360E81001DBE50 /* QuartzCore.framework in Frameworks */ = {isa = PBXBuildFile; fileRef = 333724D91E360E81001DBE50 /* QuartzCore.framework */; };
		333724DC1E360E8D001DBE50 /* SystemConfiguration.framework in Frameworks */ = {isa = PBXBuildFile; fileRef = 333724DB1E360E8D001DBE50 /* SystemConfiguration.framework */; };
		333724DE1E360E98001DBE50 /* UIKit.framework in Frameworks */ = {isa = PBXBuildFile; fileRef = 333724DD1E360E98001DBE50 /* UIKit.framework */; };
		333724E11E361229001DBE50 /* NewsTableViewController.m in Sources */ = {isa = PBXBuildFile; fileRef = 333724E01E361229001DBE50 /* NewsTableViewController.m */; };
		335EA7081E31D5E800416E67 /* main.m in Sources */ = {isa = PBXBuildFile; fileRef = 335EA7071E31D5E800416E67 /* main.m */; };
		335EA70B1E31D5E800416E67 /* AppDelegate.m in Sources */ = {isa = PBXBuildFile; fileRef = 335EA70A1E31D5E800416E67 /* AppDelegate.m */; };
		335EA7111E31D5E800416E67 /* Main.storyboard in Resources */ = {isa = PBXBuildFile; fileRef = 335EA70F1E31D5E800416E67 /* Main.storyboard */; };
		335EA7141E31D5E800416E67 /* CCF_Project.xcdatamodeld in Sources */ = {isa = PBXBuildFile; fileRef = 335EA7121E31D5E800416E67 /* CCF_Project.xcdatamodeld */; };
		335EA7161E31D5E800416E67 /* Assets.xcassets in Resources */ = {isa = PBXBuildFile; fileRef = 335EA7151E31D5E800416E67 /* Assets.xcassets */; };
		335EA7191E31D5E800416E67 /* LaunchScreen.storyboard in Resources */ = {isa = PBXBuildFile; fileRef = 335EA7171E31D5E800416E67 /* LaunchScreen.storyboard */; };
		335EA7241E31D5E800416E67 /* CCF_ProjectTests.m in Sources */ = {isa = PBXBuildFile; fileRef = 335EA7231E31D5E800416E67 /* CCF_ProjectTests.m */; };
		335EA72F1E31D5E800416E67 /* CCF_ProjectUITests.m in Sources */ = {isa = PBXBuildFile; fileRef = 335EA72E1E31D5E800416E67 /* CCF_ProjectUITests.m */; };
		33A5CD951E41EF7400B6D9EC /* PodcastViewController.m in Sources */ = {isa = PBXBuildFile; fileRef = 33A5CD941E41EF7400B6D9EC /* PodcastViewController.m */; };
		33A5CD981E41F57700B6D9EC /* PodcastTableViewCell.m in Sources */ = {isa = PBXBuildFile; fileRef = 33A5CD971E41F57700B6D9EC /* PodcastTableViewCell.m */; };
		33A8DF751E3C0C9C003EB844 /* SattelitesTableViewController.m in Sources */ = {isa = PBXBuildFile; fileRef = 33A8DF741E3C0C9C003EB844 /* SattelitesTableViewController.m */; };
		33AC57341E38AA5800F71699 /* EventsTableViewController.m in Sources */ = {isa = PBXBuildFile; fileRef = 33AC57331E38AA5800F71699 /* EventsTableViewController.m */; };
		33C2601B1E456FD000C251C0 /* PodcastDetailsTableViewController.m in Sources */ = {isa = PBXBuildFile; fileRef = 33C2601A1E456FD000C251C0 /* PodcastDetailsTableViewController.m */; };
		33C2601E1E457C5100C251C0 /* PodDetailImageTableViewCell.m in Sources */ = {isa = PBXBuildFile; fileRef = 33C2601D1E457C5100C251C0 /* PodDetailImageTableViewCell.m */; };
		33C260211E457C9800C251C0 /* PodDetailDescriptionTableViewCell.m in Sources */ = {isa = PBXBuildFile; fileRef = 33C260201E457C9800C251C0 /* PodDetailDescriptionTableViewCell.m */; };
		33C260241E457CAC00C251C0 /* PodDetailAudioTableViewCell.m in Sources */ = {isa = PBXBuildFile; fileRef = 33C260231E457CAC00C251C0 /* PodDetailAudioTableViewCell.m */; };
		33C260271E457CBF00C251C0 /* PodDetailVideoTableViewCell.m in Sources */ = {isa = PBXBuildFile; fileRef = 33C260261E457CBF00C251C0 /* PodDetailVideoTableViewCell.m */; };
		33C2602B1E45B7C100C251C0 /* YMCAudioPlayer.m in Sources */ = {isa = PBXBuildFile; fileRef = 33C2602A1E45B7C100C251C0 /* YMCAudioPlayer.m */; };
		33C2602D1E45BA6B00C251C0 /* audiofile.mp3 in Resources */ = {isa = PBXBuildFile; fileRef = 33C2602C1E45BA6B00C251C0 /* audiofile.mp3 */; };
		33C260301E45D0BA00C251C0 /* SettingsTableViewController.m in Sources */ = {isa = PBXBuildFile; fileRef = 33C2602F1E45D0BA00C251C0 /* SettingsTableViewController.m */; };
		33CD19F51E6B981F0019C279 /* OpenSans-Bold.ttf in Resources */ = {isa = PBXBuildFile; fileRef = 33CD19F21E6B981F0019C279 /* OpenSans-Bold.ttf */; };
		33CD19F61E6B981F0019C279 /* OpenSans-Light.ttf in Resources */ = {isa = PBXBuildFile; fileRef = 33CD19F31E6B981F0019C279 /* OpenSans-Light.ttf */; };
		33CD19F71E6B981F0019C279 /* OpenSans-Regular.ttf in Resources */ = {isa = PBXBuildFile; fileRef = 33CD19F41E6B981F0019C279 /* OpenSans-Regular.ttf */; };
		33CD19FE1E6BEF660019C279 /* UIButton+LocationValues.m in Sources */ = {isa = PBXBuildFile; fileRef = 33CD19FD1E6BEF660019C279 /* UIButton+LocationValues.m */; };
		33D721701E3F4AA40071FC2D /* LiveStreamingViewController.m in Sources */ = {isa = PBXBuildFile; fileRef = 33D7216F1E3F4AA40071FC2D /* LiveStreamingViewController.m */; };
		33D721761E3F5FC30071FC2D /* Assets.bundle in Resources */ = {isa = PBXBuildFile; fileRef = 33D721721E3F5FC30071FC2D /* Assets.bundle */; };
		33D721771E3F5FC30071FC2D /* YTPlayerView.m in Sources */ = {isa = PBXBuildFile; fileRef = 33D721751E3F5FC30071FC2D /* YTPlayerView.m */; };
		33EFBC4E1E3CBC9B00A72040 /* SattelitesTableViewCell.m in Sources */ = {isa = PBXBuildFile; fileRef = 33EFBC4D1E3CBC9B00A72040 /* SattelitesTableViewCell.m */; };
		33F500771E38BC7500A16D32 /* EventsDetailViewController.m in Sources */ = {isa = PBXBuildFile; fileRef = 33F500761E38BC7500A16D32 /* EventsDetailViewController.m */; };
		33F5007A1E38BEE200A16D32 /* BaseViewController.m in Sources */ = {isa = PBXBuildFile; fileRef = 33F500791E38BEE200A16D32 /* BaseViewController.m */; };
/* End PBXBuildFile section */

/* Begin PBXContainerItemProxy section */
		335EA7201E31D5E800416E67 /* PBXContainerItemProxy */ = {
			isa = PBXContainerItemProxy;
			containerPortal = 335EA6FB1E31D5E700416E67 /* Project object */;
			proxyType = 1;
			remoteGlobalIDString = 335EA7021E31D5E800416E67;
			remoteInfo = "CCF-Project";
		};
		335EA72B1E31D5E800416E67 /* PBXContainerItemProxy */ = {
			isa = PBXContainerItemProxy;
			containerPortal = 335EA6FB1E31D5E700416E67 /* Project object */;
			proxyType = 1;
			remoteGlobalIDString = 335EA7021E31D5E800416E67;
			remoteInfo = "CCF-Project";
		};
/* End PBXContainerItemProxy section */

/* Begin PBXFileReference section */
		3306F1BF1E6453050020D2C1 /* NewsCollapsedTableViewCell.h */ = {isa = PBXFileReference; fileEncoding = 4; lastKnownFileType = sourcecode.c.h; path = NewsCollapsedTableViewCell.h; sourceTree = "<group>"; };
		3306F1C01E6453050020D2C1 /* NewsCollapsedTableViewCell.m */ = {isa = PBXFileReference; fileEncoding = 4; lastKnownFileType = sourcecode.c.objc; path = NewsCollapsedTableViewCell.m; sourceTree = "<group>"; };
		332746AA1E322BCA003A0A20 /* ScrollableMenubarViewController.h */ = {isa = PBXFileReference; fileEncoding = 4; lastKnownFileType = sourcecode.c.h; name = ScrollableMenubarViewController.h; path = Custom/ScrollableMenubarViewController.h; sourceTree = "<group>"; };
		332746AB1E322BCA003A0A20 /* ScrollableMenubarViewController.m */ = {isa = PBXFileReference; fileEncoding = 4; lastKnownFileType = sourcecode.c.objc; name = ScrollableMenubarViewController.m; path = Custom/ScrollableMenubarViewController.m; sourceTree = "<group>"; };
		333724A71E3608A5001DBE50 /* MapViewController.h */ = {isa = PBXFileReference; fileEncoding = 4; lastKnownFileType = sourcecode.c.h; path = MapViewController.h; sourceTree = "<group>"; };
		333724A81E3608A5001DBE50 /* MapViewController.m */ = {isa = PBXFileReference; fileEncoding = 4; lastKnownFileType = sourcecode.c.objc; path = MapViewController.m; sourceTree = "<group>"; };
		333724B71E360D22001DBE50 /* GoogleMaps.framework */ = {isa = PBXFileReference; lastKnownFileType = wrapper.framework; path = GoogleMaps.framework; sourceTree = "<group>"; };
		333724B81E360D22001DBE50 /* GoogleMapsBase.framework */ = {isa = PBXFileReference; lastKnownFileType = wrapper.framework; path = GoogleMapsBase.framework; sourceTree = "<group>"; };
		333724B91E360D22001DBE50 /* GoogleMapsCore.framework */ = {isa = PBXFileReference; lastKnownFileType = wrapper.framework; path = GoogleMapsCore.framework; sourceTree = "<group>"; };
		333724BF1E360DAD001DBE50 /* GoogleMaps.bundle */ = {isa = PBXFileReference; lastKnownFileType = "wrapper.plug-in"; path = GoogleMaps.bundle; sourceTree = "<group>"; };
		333724C51E360E35001DBE50 /* Accelerate.framework */ = {isa = PBXFileReference; lastKnownFileType = wrapper.framework; name = Accelerate.framework; path = System/Library/Frameworks/Accelerate.framework; sourceTree = SDKROOT; };
		333724C61E360E35001DBE50 /* CoreData.framework */ = {isa = PBXFileReference; lastKnownFileType = wrapper.framework; name = CoreData.framework; path = System/Library/Frameworks/CoreData.framework; sourceTree = SDKROOT; };
		333724C71E360E35001DBE50 /* CoreGraphics.framework */ = {isa = PBXFileReference; lastKnownFileType = wrapper.framework; name = CoreGraphics.framework; path = System/Library/Frameworks/CoreGraphics.framework; sourceTree = SDKROOT; };
		333724C81E360E35001DBE50 /* CoreLocation.framework */ = {isa = PBXFileReference; lastKnownFileType = wrapper.framework; name = CoreLocation.framework; path = System/Library/Frameworks/CoreLocation.framework; sourceTree = SDKROOT; };
		333724C91E360E35001DBE50 /* CoreText.framework */ = {isa = PBXFileReference; lastKnownFileType = wrapper.framework; name = CoreText.framework; path = System/Library/Frameworks/CoreText.framework; sourceTree = SDKROOT; };
		333724CF1E360E45001DBE50 /* GLKit.framework */ = {isa = PBXFileReference; lastKnownFileType = wrapper.framework; name = GLKit.framework; path = System/Library/Frameworks/GLKit.framework; sourceTree = SDKROOT; };
		333724D11E360E4C001DBE50 /* ImageIO.framework */ = {isa = PBXFileReference; lastKnownFileType = wrapper.framework; name = ImageIO.framework; path = System/Library/Frameworks/ImageIO.framework; sourceTree = SDKROOT; };
		333724D31E360E62001DBE50 /* libc++.tbd */ = {isa = PBXFileReference; lastKnownFileType = "sourcecode.text-based-dylib-definition"; name = "libc++.tbd"; path = "usr/lib/libc++.tbd"; sourceTree = SDKROOT; };
		333724D51E360E6A001DBE50 /* libz.tbd */ = {isa = PBXFileReference; lastKnownFileType = "sourcecode.text-based-dylib-definition"; name = libz.tbd; path = usr/lib/libz.tbd; sourceTree = SDKROOT; };
		333724D71E360E7B001DBE50 /* OpenGLES.framework */ = {isa = PBXFileReference; lastKnownFileType = wrapper.framework; name = OpenGLES.framework; path = System/Library/Frameworks/OpenGLES.framework; sourceTree = SDKROOT; };
		333724D91E360E81001DBE50 /* QuartzCore.framework */ = {isa = PBXFileReference; lastKnownFileType = wrapper.framework; name = QuartzCore.framework; path = System/Library/Frameworks/QuartzCore.framework; sourceTree = SDKROOT; };
		333724DB1E360E8D001DBE50 /* SystemConfiguration.framework */ = {isa = PBXFileReference; lastKnownFileType = wrapper.framework; name = SystemConfiguration.framework; path = System/Library/Frameworks/SystemConfiguration.framework; sourceTree = SDKROOT; };
		333724DD1E360E98001DBE50 /* UIKit.framework */ = {isa = PBXFileReference; lastKnownFileType = wrapper.framework; name = UIKit.framework; path = System/Library/Frameworks/UIKit.framework; sourceTree = SDKROOT; };
		333724DF1E361229001DBE50 /* NewsTableViewController.h */ = {isa = PBXFileReference; fileEncoding = 4; lastKnownFileType = sourcecode.c.h; path = NewsTableViewController.h; sourceTree = "<group>"; };
		333724E01E361229001DBE50 /* NewsTableViewController.m */ = {isa = PBXFileReference; fileEncoding = 4; lastKnownFileType = sourcecode.c.objc; path = NewsTableViewController.m; sourceTree = "<group>"; };
		335EA7031E31D5E800416E67 /* CCF-Project.app */ = {isa = PBXFileReference; explicitFileType = wrapper.application; includeInIndex = 0; path = "CCF-Project.app"; sourceTree = BUILT_PRODUCTS_DIR; };
		335EA7071E31D5E800416E67 /* main.m */ = {isa = PBXFileReference; lastKnownFileType = sourcecode.c.objc; path = main.m; sourceTree = "<group>"; };
		335EA7091E31D5E800416E67 /* AppDelegate.h */ = {isa = PBXFileReference; lastKnownFileType = sourcecode.c.h; path = AppDelegate.h; sourceTree = "<group>"; };
		335EA70A1E31D5E800416E67 /* AppDelegate.m */ = {isa = PBXFileReference; lastKnownFileType = sourcecode.c.objc; path = AppDelegate.m; sourceTree = "<group>"; };
		335EA7101E31D5E800416E67 /* Base */ = {isa = PBXFileReference; lastKnownFileType = file.storyboard; name = Base; path = Base.lproj/Main.storyboard; sourceTree = "<group>"; };
		335EA7131E31D5E800416E67 /* CCF_Project.xcdatamodel */ = {isa = PBXFileReference; lastKnownFileType = wrapper.xcdatamodel; path = CCF_Project.xcdatamodel; sourceTree = "<group>"; };
		335EA7151E31D5E800416E67 /* Assets.xcassets */ = {isa = PBXFileReference; lastKnownFileType = folder.assetcatalog; name = Assets.xcassets; path = ../Assets.xcassets; sourceTree = "<group>"; };
		335EA7181E31D5E800416E67 /* Base */ = {isa = PBXFileReference; lastKnownFileType = file.storyboard; name = Base; path = Base.lproj/LaunchScreen.storyboard; sourceTree = "<group>"; };
		335EA71A1E31D5E800416E67 /* Info.plist */ = {isa = PBXFileReference; lastKnownFileType = text.plist.xml; path = Info.plist; sourceTree = "<group>"; };
		335EA71F1E31D5E800416E67 /* CCF-ProjectTests.xctest */ = {isa = PBXFileReference; explicitFileType = wrapper.cfbundle; includeInIndex = 0; path = "CCF-ProjectTests.xctest"; sourceTree = BUILT_PRODUCTS_DIR; };
		335EA7231E31D5E800416E67 /* CCF_ProjectTests.m */ = {isa = PBXFileReference; lastKnownFileType = sourcecode.c.objc; path = CCF_ProjectTests.m; sourceTree = "<group>"; };
		335EA7251E31D5E800416E67 /* Info.plist */ = {isa = PBXFileReference; lastKnownFileType = text.plist.xml; path = Info.plist; sourceTree = "<group>"; };
		335EA72A1E31D5E800416E67 /* CCF-ProjectUITests.xctest */ = {isa = PBXFileReference; explicitFileType = wrapper.cfbundle; includeInIndex = 0; path = "CCF-ProjectUITests.xctest"; sourceTree = BUILT_PRODUCTS_DIR; };
		335EA72E1E31D5E800416E67 /* CCF_ProjectUITests.m */ = {isa = PBXFileReference; lastKnownFileType = sourcecode.c.objc; path = CCF_ProjectUITests.m; sourceTree = "<group>"; };
		335EA7301E31D5E800416E67 /* Info.plist */ = {isa = PBXFileReference; lastKnownFileType = text.plist.xml; path = Info.plist; sourceTree = "<group>"; };
		33A5CD931E41EF7400B6D9EC /* PodcastViewController.h */ = {isa = PBXFileReference; fileEncoding = 4; lastKnownFileType = sourcecode.c.h; path = PodcastViewController.h; sourceTree = "<group>"; };
		33A5CD941E41EF7400B6D9EC /* PodcastViewController.m */ = {isa = PBXFileReference; fileEncoding = 4; lastKnownFileType = sourcecode.c.objc; path = PodcastViewController.m; sourceTree = "<group>"; };
		33A5CD961E41F57700B6D9EC /* PodcastTableViewCell.h */ = {isa = PBXFileReference; fileEncoding = 4; lastKnownFileType = sourcecode.c.h; path = PodcastTableViewCell.h; sourceTree = "<group>"; };
		33A5CD971E41F57700B6D9EC /* PodcastTableViewCell.m */ = {isa = PBXFileReference; fileEncoding = 4; lastKnownFileType = sourcecode.c.objc; path = PodcastTableViewCell.m; sourceTree = "<group>"; };
		33A8DF731E3C0C9C003EB844 /* SattelitesTableViewController.h */ = {isa = PBXFileReference; fileEncoding = 4; lastKnownFileType = sourcecode.c.h; path = SattelitesTableViewController.h; sourceTree = "<group>"; };
		33A8DF741E3C0C9C003EB844 /* SattelitesTableViewController.m */ = {isa = PBXFileReference; fileEncoding = 4; lastKnownFileType = sourcecode.c.objc; path = SattelitesTableViewController.m; sourceTree = "<group>"; };
		33AC57321E38AA5800F71699 /* EventsTableViewController.h */ = {isa = PBXFileReference; fileEncoding = 4; lastKnownFileType = sourcecode.c.h; path = EventsTableViewController.h; sourceTree = "<group>"; };
		33AC57331E38AA5800F71699 /* EventsTableViewController.m */ = {isa = PBXFileReference; fileEncoding = 4; lastKnownFileType = sourcecode.c.objc; path = EventsTableViewController.m; sourceTree = "<group>"; };
		33C260191E456FD000C251C0 /* PodcastDetailsTableViewController.h */ = {isa = PBXFileReference; fileEncoding = 4; lastKnownFileType = sourcecode.c.h; path = PodcastDetailsTableViewController.h; sourceTree = "<group>"; };
		33C2601A1E456FD000C251C0 /* PodcastDetailsTableViewController.m */ = {isa = PBXFileReference; fileEncoding = 4; lastKnownFileType = sourcecode.c.objc; path = PodcastDetailsTableViewController.m; sourceTree = "<group>"; };
		33C2601C1E457C5100C251C0 /* PodDetailImageTableViewCell.h */ = {isa = PBXFileReference; fileEncoding = 4; lastKnownFileType = sourcecode.c.h; path = PodDetailImageTableViewCell.h; sourceTree = "<group>"; };
		33C2601D1E457C5100C251C0 /* PodDetailImageTableViewCell.m */ = {isa = PBXFileReference; fileEncoding = 4; lastKnownFileType = sourcecode.c.objc; path = PodDetailImageTableViewCell.m; sourceTree = "<group>"; };
		33C2601F1E457C9800C251C0 /* PodDetailDescriptionTableViewCell.h */ = {isa = PBXFileReference; fileEncoding = 4; lastKnownFileType = sourcecode.c.h; path = PodDetailDescriptionTableViewCell.h; sourceTree = "<group>"; };
		33C260201E457C9800C251C0 /* PodDetailDescriptionTableViewCell.m */ = {isa = PBXFileReference; fileEncoding = 4; lastKnownFileType = sourcecode.c.objc; path = PodDetailDescriptionTableViewCell.m; sourceTree = "<group>"; };
		33C260221E457CAC00C251C0 /* PodDetailAudioTableViewCell.h */ = {isa = PBXFileReference; fileEncoding = 4; lastKnownFileType = sourcecode.c.h; path = PodDetailAudioTableViewCell.h; sourceTree = "<group>"; };
		33C260231E457CAC00C251C0 /* PodDetailAudioTableViewCell.m */ = {isa = PBXFileReference; fileEncoding = 4; lastKnownFileType = sourcecode.c.objc; path = PodDetailAudioTableViewCell.m; sourceTree = "<group>"; };
		33C260251E457CBF00C251C0 /* PodDetailVideoTableViewCell.h */ = {isa = PBXFileReference; fileEncoding = 4; lastKnownFileType = sourcecode.c.h; path = PodDetailVideoTableViewCell.h; sourceTree = "<group>"; };
		33C260261E457CBF00C251C0 /* PodDetailVideoTableViewCell.m */ = {isa = PBXFileReference; fileEncoding = 4; lastKnownFileType = sourcecode.c.objc; path = PodDetailVideoTableViewCell.m; sourceTree = "<group>"; };
		33C260291E45B7C100C251C0 /* YMCAudioPlayer.h */ = {isa = PBXFileReference; fileEncoding = 4; lastKnownFileType = sourcecode.c.h; path = YMCAudioPlayer.h; sourceTree = "<group>"; };
		33C2602A1E45B7C100C251C0 /* YMCAudioPlayer.m */ = {isa = PBXFileReference; fileEncoding = 4; lastKnownFileType = sourcecode.c.objc; path = YMCAudioPlayer.m; sourceTree = "<group>"; };
		33C2602C1E45BA6B00C251C0 /* audiofile.mp3 */ = {isa = PBXFileReference; lastKnownFileType = audio.mp3; path = audiofile.mp3; sourceTree = "<group>"; };
		33C2602E1E45D0BA00C251C0 /* SettingsTableViewController.h */ = {isa = PBXFileReference; fileEncoding = 4; lastKnownFileType = sourcecode.c.h; path = SettingsTableViewController.h; sourceTree = "<group>"; };
		33C2602F1E45D0BA00C251C0 /* SettingsTableViewController.m */ = {isa = PBXFileReference; fileEncoding = 4; lastKnownFileType = sourcecode.c.objc; path = SettingsTableViewController.m; sourceTree = "<group>"; };
		33CD19F21E6B981F0019C279 /* OpenSans-Bold.ttf */ = {isa = PBXFileReference; lastKnownFileType = file; path = "OpenSans-Bold.ttf"; sourceTree = "<group>"; };
		33CD19F31E6B981F0019C279 /* OpenSans-Light.ttf */ = {isa = PBXFileReference; lastKnownFileType = file; path = "OpenSans-Light.ttf"; sourceTree = "<group>"; };
		33CD19F41E6B981F0019C279 /* OpenSans-Regular.ttf */ = {isa = PBXFileReference; lastKnownFileType = file; path = "OpenSans-Regular.ttf"; sourceTree = "<group>"; };
		33CD19FC1E6BEF660019C279 /* UIButton+LocationValues.h */ = {isa = PBXFileReference; fileEncoding = 4; lastKnownFileType = sourcecode.c.h; path = "UIButton+LocationValues.h"; sourceTree = "<group>"; };
		33CD19FD1E6BEF660019C279 /* UIButton+LocationValues.m */ = {isa = PBXFileReference; fileEncoding = 4; lastKnownFileType = sourcecode.c.objc; path = "UIButton+LocationValues.m"; sourceTree = "<group>"; };
		33D7216E1E3F4AA40071FC2D /* LiveStreamingViewController.h */ = {isa = PBXFileReference; fileEncoding = 4; lastKnownFileType = sourcecode.c.h; path = LiveStreamingViewController.h; sourceTree = "<group>"; };
		33D7216F1E3F4AA40071FC2D /* LiveStreamingViewController.m */ = {isa = PBXFileReference; fileEncoding = 4; lastKnownFileType = sourcecode.c.objc; path = LiveStreamingViewController.m; sourceTree = "<group>"; };
		33D721721E3F5FC30071FC2D /* Assets.bundle */ = {isa = PBXFileReference; lastKnownFileType = "wrapper.plug-in"; path = Assets.bundle; sourceTree = "<group>"; };
		33D721731E3F5FC30071FC2D /* YouTubeiOSPlayerHelper.h */ = {isa = PBXFileReference; fileEncoding = 4; lastKnownFileType = sourcecode.c.h; path = YouTubeiOSPlayerHelper.h; sourceTree = "<group>"; };
		33D721741E3F5FC30071FC2D /* YTPlayerView.h */ = {isa = PBXFileReference; fileEncoding = 4; lastKnownFileType = sourcecode.c.h; path = YTPlayerView.h; sourceTree = "<group>"; };
		33D721751E3F5FC30071FC2D /* YTPlayerView.m */ = {isa = PBXFileReference; fileEncoding = 4; lastKnownFileType = sourcecode.c.objc; path = YTPlayerView.m; sourceTree = "<group>"; };
		33EFBC4C1E3CBC9B00A72040 /* SattelitesTableViewCell.h */ = {isa = PBXFileReference; fileEncoding = 4; lastKnownFileType = sourcecode.c.h; path = SattelitesTableViewCell.h; sourceTree = "<group>"; };
		33EFBC4D1E3CBC9B00A72040 /* SattelitesTableViewCell.m */ = {isa = PBXFileReference; fileEncoding = 4; lastKnownFileType = sourcecode.c.objc; path = SattelitesTableViewCell.m; sourceTree = "<group>"; };
		33F500751E38BC7500A16D32 /* EventsDetailViewController.h */ = {isa = PBXFileReference; fileEncoding = 4; lastKnownFileType = sourcecode.c.h; path = EventsDetailViewController.h; sourceTree = "<group>"; };
		33F500761E38BC7500A16D32 /* EventsDetailViewController.m */ = {isa = PBXFileReference; fileEncoding = 4; lastKnownFileType = sourcecode.c.objc; path = EventsDetailViewController.m; sourceTree = "<group>"; };
		33F500781E38BEE200A16D32 /* BaseViewController.h */ = {isa = PBXFileReference; fileEncoding = 4; lastKnownFileType = sourcecode.c.h; path = BaseViewController.h; sourceTree = "<group>"; };
		33F500791E38BEE200A16D32 /* BaseViewController.m */ = {isa = PBXFileReference; fileEncoding = 4; lastKnownFileType = sourcecode.c.objc; path = BaseViewController.m; sourceTree = "<group>"; };
/* End PBXFileReference section */

/* Begin PBXFrameworksBuildPhase section */
		335EA7001E31D5E800416E67 /* Frameworks */ = {
			isa = PBXFrameworksBuildPhase;
			buildActionMask = 2147483647;
			files = (
				333724DE1E360E98001DBE50 /* UIKit.framework in Frameworks */,
				333724DC1E360E8D001DBE50 /* SystemConfiguration.framework in Frameworks */,
				333724DA1E360E81001DBE50 /* QuartzCore.framework in Frameworks */,
				333724D81E360E7B001DBE50 /* OpenGLES.framework in Frameworks */,
				333724D61E360E6A001DBE50 /* libz.tbd in Frameworks */,
				333724D41E360E62001DBE50 /* libc++.tbd in Frameworks */,
				333724D21E360E4C001DBE50 /* ImageIO.framework in Frameworks */,
				333724D01E360E45001DBE50 /* GLKit.framework in Frameworks */,
				333724CA1E360E35001DBE50 /* Accelerate.framework in Frameworks */,
				333724CB1E360E35001DBE50 /* CoreData.framework in Frameworks */,
				333724CC1E360E35001DBE50 /* CoreGraphics.framework in Frameworks */,
				333724CD1E360E35001DBE50 /* CoreLocation.framework in Frameworks */,
				333724CE1E360E35001DBE50 /* CoreText.framework in Frameworks */,
				333724BA1E360D22001DBE50 /* GoogleMaps.framework in Frameworks */,
				333724BC1E360D22001DBE50 /* GoogleMapsCore.framework in Frameworks */,
				333724BB1E360D22001DBE50 /* GoogleMapsBase.framework in Frameworks */,
			);
			runOnlyForDeploymentPostprocessing = 0;
		};
		335EA71C1E31D5E800416E67 /* Frameworks */ = {
			isa = PBXFrameworksBuildPhase;
			buildActionMask = 2147483647;
			files = (
			);
			runOnlyForDeploymentPostprocessing = 0;
		};
		335EA7271E31D5E800416E67 /* Frameworks */ = {
			isa = PBXFrameworksBuildPhase;
			buildActionMask = 2147483647;
			files = (
			);
			runOnlyForDeploymentPostprocessing = 0;
		};
/* End PBXFrameworksBuildPhase section */

/* Begin PBXGroup section */
		333724B61E360D22001DBE50 /* Frameworks */ = {
			isa = PBXGroup;
			children = (
				333724B71E360D22001DBE50 /* GoogleMaps.framework */,
				333724B81E360D22001DBE50 /* GoogleMapsBase.framework */,
				333724B91E360D22001DBE50 /* GoogleMapsCore.framework */,
			);
			path = Frameworks;
			sourceTree = "<group>";
		};
		333724BE1E360D6D001DBE50 /* Resources */ = {
			isa = PBXGroup;
			children = (
				33C260281E45B7C100C251C0 /* AudioPlayer */,
				33D721711E3F5FC30071FC2D /* Youtube */,
				333724BF1E360DAD001DBE50 /* GoogleMaps.bundle */,
				335EA70F1E31D5E800416E67 /* Main.storyboard */,
				335EA7151E31D5E800416E67 /* Assets.xcassets */,
				335EA7171E31D5E800416E67 /* LaunchScreen.storyboard */,
				33CD19F21E6B981F0019C279 /* OpenSans-Bold.ttf */,
				33CD19F31E6B981F0019C279 /* OpenSans-Light.ttf */,
				33CD19F41E6B981F0019C279 /* OpenSans-Regular.ttf */,
			);
			path = Resources;
			sourceTree = "<group>";
		};
		333724C41E360E34001DBE50 /* Frameworks */ = {
			isa = PBXGroup;
			children = (
				333724DD1E360E98001DBE50 /* UIKit.framework */,
				333724DB1E360E8D001DBE50 /* SystemConfiguration.framework */,
				333724D91E360E81001DBE50 /* QuartzCore.framework */,
				333724D71E360E7B001DBE50 /* OpenGLES.framework */,
				333724D51E360E6A001DBE50 /* libz.tbd */,
				333724D31E360E62001DBE50 /* libc++.tbd */,
				333724D11E360E4C001DBE50 /* ImageIO.framework */,
				333724CF1E360E45001DBE50 /* GLKit.framework */,
				333724C51E360E35001DBE50 /* Accelerate.framework */,
				333724C61E360E35001DBE50 /* CoreData.framework */,
				333724C71E360E35001DBE50 /* CoreGraphics.framework */,
				333724C81E360E35001DBE50 /* CoreLocation.framework */,
				333724C91E360E35001DBE50 /* CoreText.framework */,
			);
			name = Frameworks;
			sourceTree = "<group>";
		};
		335EA6FA1E31D5E700416E67 = {
			isa = PBXGroup;
			children = (
				335EA7051E31D5E800416E67 /* CCF-Project */,
				335EA7221E31D5E800416E67 /* CCF-ProjectTests */,
				335EA72D1E31D5E800416E67 /* CCF-ProjectUITests */,
				335EA7041E31D5E800416E67 /* Products */,
				333724C41E360E34001DBE50 /* Frameworks */,
			);
			sourceTree = "<group>";
		};
		335EA7041E31D5E800416E67 /* Products */ = {
			isa = PBXGroup;
			children = (
				335EA7031E31D5E800416E67 /* CCF-Project.app */,
				335EA71F1E31D5E800416E67 /* CCF-ProjectTests.xctest */,
				335EA72A1E31D5E800416E67 /* CCF-ProjectUITests.xctest */,
			);
			name = Products;
			sourceTree = "<group>";
		};
		335EA7051E31D5E800416E67 /* CCF-Project */ = {
			isa = PBXGroup;
			children = (
				333724BE1E360D6D001DBE50 /* Resources */,
				333724B61E360D22001DBE50 /* Frameworks */,
				335EA73C1E31E51F00416E67 /* Customs */,
				335EA7091E31D5E800416E67 /* AppDelegate.h */,
				335EA70A1E31D5E800416E67 /* AppDelegate.m */,
				33F500781E38BEE200A16D32 /* BaseViewController.h */,
				33F500791E38BEE200A16D32 /* BaseViewController.m */,
				333724DF1E361229001DBE50 /* NewsTableViewController.h */,
				333724E01E361229001DBE50 /* NewsTableViewController.m */,
				3306F1BF1E6453050020D2C1 /* NewsCollapsedTableViewCell.h */,
				3306F1C01E6453050020D2C1 /* NewsCollapsedTableViewCell.m */,
				33A5CD931E41EF7400B6D9EC /* PodcastViewController.h */,
				33A5CD941E41EF7400B6D9EC /* PodcastViewController.m */,
				33A5CD961E41F57700B6D9EC /* PodcastTableViewCell.h */,
				33A5CD971E41F57700B6D9EC /* PodcastTableViewCell.m */,
				33C260191E456FD000C251C0 /* PodcastDetailsTableViewController.h */,
				33C2601A1E456FD000C251C0 /* PodcastDetailsTableViewController.m */,
				33C2601C1E457C5100C251C0 /* PodDetailImageTableViewCell.h */,
				33C2601D1E457C5100C251C0 /* PodDetailImageTableViewCell.m */,
				33C2601F1E457C9800C251C0 /* PodDetailDescriptionTableViewCell.h */,
				33C260201E457C9800C251C0 /* PodDetailDescriptionTableViewCell.m */,
				33C260221E457CAC00C251C0 /* PodDetailAudioTableViewCell.h */,
				33C260231E457CAC00C251C0 /* PodDetailAudioTableViewCell.m */,
				33C260251E457CBF00C251C0 /* PodDetailVideoTableViewCell.h */,
				33C260261E457CBF00C251C0 /* PodDetailVideoTableViewCell.m */,
				33AC57321E38AA5800F71699 /* EventsTableViewController.h */,
				33AC57331E38AA5800F71699 /* EventsTableViewController.m */,
				33F500751E38BC7500A16D32 /* EventsDetailViewController.h */,
				33F500761E38BC7500A16D32 /* EventsDetailViewController.m */,
				33A8DF731E3C0C9C003EB844 /* SattelitesTableViewController.h */,
				33A8DF741E3C0C9C003EB844 /* SattelitesTableViewController.m */,
				33EFBC4C1E3CBC9B00A72040 /* SattelitesTableViewCell.h */,
				33EFBC4D1E3CBC9B00A72040 /* SattelitesTableViewCell.m */,
				33D7216E1E3F4AA40071FC2D /* LiveStreamingViewController.h */,
				33D7216F1E3F4AA40071FC2D /* LiveStreamingViewController.m */,
				333724A71E3608A5001DBE50 /* MapViewController.h */,
				333724A81E3608A5001DBE50 /* MapViewController.m */,
				33C2602E1E45D0BA00C251C0 /* SettingsTableViewController.h */,
				33C2602F1E45D0BA00C251C0 /* SettingsTableViewController.m */,
				335EA71A1E31D5E800416E67 /* Info.plist */,
				335EA7121E31D5E800416E67 /* CCF_Project.xcdatamodeld */,
				335EA7061E31D5E800416E67 /* Supporting Files */,
			);
			path = "CCF-Project";
			sourceTree = "<group>";
		};
		335EA7061E31D5E800416E67 /* Supporting Files */ = {
			isa = PBXGroup;
			children = (
				33C2602C1E45BA6B00C251C0 /* audiofile.mp3 */,
				335EA7071E31D5E800416E67 /* main.m */,
			);
			name = "Supporting Files";
			sourceTree = "<group>";
		};
		335EA7221E31D5E800416E67 /* CCF-ProjectTests */ = {
			isa = PBXGroup;
			children = (
				335EA7231E31D5E800416E67 /* CCF_ProjectTests.m */,
				335EA7251E31D5E800416E67 /* Info.plist */,
			);
			path = "CCF-ProjectTests";
			sourceTree = "<group>";
		};
		335EA72D1E31D5E800416E67 /* CCF-ProjectUITests */ = {
			isa = PBXGroup;
			children = (
				335EA72E1E31D5E800416E67 /* CCF_ProjectUITests.m */,
				335EA7301E31D5E800416E67 /* Info.plist */,
			);
			path = "CCF-ProjectUITests";
			sourceTree = "<group>";
		};
		335EA73C1E31E51F00416E67 /* Customs */ = {
			isa = PBXGroup;
			children = (
				332746AA1E322BCA003A0A20 /* ScrollableMenubarViewController.h */,
				332746AB1E322BCA003A0A20 /* ScrollableMenubarViewController.m */,
				33CD19FC1E6BEF660019C279 /* UIButton+LocationValues.h */,
				33CD19FD1E6BEF660019C279 /* UIButton+LocationValues.m */,
			);
			name = Customs;
			sourceTree = "<group>";
		};
		33C260281E45B7C100C251C0 /* AudioPlayer */ = {
			isa = PBXGroup;
			children = (
				33C260291E45B7C100C251C0 /* YMCAudioPlayer.h */,
				33C2602A1E45B7C100C251C0 /* YMCAudioPlayer.m */,
			);
			path = AudioPlayer;
			sourceTree = "<group>";
		};
		33D721711E3F5FC30071FC2D /* Youtube */ = {
			isa = PBXGroup;
			children = (
				33D721721E3F5FC30071FC2D /* Assets.bundle */,
				33D721731E3F5FC30071FC2D /* YouTubeiOSPlayerHelper.h */,
				33D721741E3F5FC30071FC2D /* YTPlayerView.h */,
				33D721751E3F5FC30071FC2D /* YTPlayerView.m */,
			);
			path = Youtube;
			sourceTree = "<group>";
		};
/* End PBXGroup section */

/* Begin PBXNativeTarget section */
		335EA7021E31D5E800416E67 /* CCF-Project */ = {
			isa = PBXNativeTarget;
			buildConfigurationList = 335EA7331E31D5E800416E67 /* Build configuration list for PBXNativeTarget "CCF-Project" */;
			buildPhases = (
				335EA6FF1E31D5E800416E67 /* Sources */,
				335EA7001E31D5E800416E67 /* Frameworks */,
				335EA7011E31D5E800416E67 /* Resources */,
			);
			buildRules = (
			);
			dependencies = (
			);
			name = "CCF-Project";
			productName = "CCF-Project";
			productReference = 335EA7031E31D5E800416E67 /* CCF-Project.app */;
			productType = "com.apple.product-type.application";
		};
		335EA71E1E31D5E800416E67 /* CCF-ProjectTests */ = {
			isa = PBXNativeTarget;
			buildConfigurationList = 335EA7361E31D5E800416E67 /* Build configuration list for PBXNativeTarget "CCF-ProjectTests" */;
			buildPhases = (
				335EA71B1E31D5E800416E67 /* Sources */,
				335EA71C1E31D5E800416E67 /* Frameworks */,
				335EA71D1E31D5E800416E67 /* Resources */,
			);
			buildRules = (
			);
			dependencies = (
				335EA7211E31D5E800416E67 /* PBXTargetDependency */,
			);
			name = "CCF-ProjectTests";
			productName = "CCF-ProjectTests";
			productReference = 335EA71F1E31D5E800416E67 /* CCF-ProjectTests.xctest */;
			productType = "com.apple.product-type.bundle.unit-test";
		};
		335EA7291E31D5E800416E67 /* CCF-ProjectUITests */ = {
			isa = PBXNativeTarget;
			buildConfigurationList = 335EA7391E31D5E800416E67 /* Build configuration list for PBXNativeTarget "CCF-ProjectUITests" */;
			buildPhases = (
				335EA7261E31D5E800416E67 /* Sources */,
				335EA7271E31D5E800416E67 /* Frameworks */,
				335EA7281E31D5E800416E67 /* Resources */,
			);
			buildRules = (
			);
			dependencies = (
				335EA72C1E31D5E800416E67 /* PBXTargetDependency */,
			);
			name = "CCF-ProjectUITests";
			productName = "CCF-ProjectUITests";
			productReference = 335EA72A1E31D5E800416E67 /* CCF-ProjectUITests.xctest */;
			productType = "com.apple.product-type.bundle.ui-testing";
		};
/* End PBXNativeTarget section */

/* Begin PBXProject section */
		335EA6FB1E31D5E700416E67 /* Project object */ = {
			isa = PBXProject;
			attributes = {
				LastUpgradeCheck = 0800;
				ORGANIZATIONNAME = "JoVhengshua Apps";
				TargetAttributes = {
					335EA7021E31D5E800416E67 = {
						CreatedOnToolsVersion = 8.0;
						DevelopmentTeam = YSNGH6HTET;
						ProvisioningStyle = Manual;
					};
					335EA71E1E31D5E800416E67 = {
						CreatedOnToolsVersion = 8.0;
						ProvisioningStyle = Automatic;
						TestTargetID = 335EA7021E31D5E800416E67;
					};
					335EA7291E31D5E800416E67 = {
						CreatedOnToolsVersion = 8.0;
						ProvisioningStyle = Automatic;
						TestTargetID = 335EA7021E31D5E800416E67;
					};
				};
			};
			buildConfigurationList = 335EA6FE1E31D5E700416E67 /* Build configuration list for PBXProject "CCF-Project" */;
			compatibilityVersion = "Xcode 3.2";
			developmentRegion = English;
			hasScannedForEncodings = 0;
			knownRegions = (
				en,
				Base,
			);
			mainGroup = 335EA6FA1E31D5E700416E67;
			productRefGroup = 335EA7041E31D5E800416E67 /* Products */;
			projectDirPath = "";
			projectRoot = "";
			targets = (
				335EA7021E31D5E800416E67 /* CCF-Project */,
				335EA71E1E31D5E800416E67 /* CCF-ProjectTests */,
				335EA7291E31D5E800416E67 /* CCF-ProjectUITests */,
			);
		};
/* End PBXProject section */

/* Begin PBXResourcesBuildPhase section */
		335EA7011E31D5E800416E67 /* Resources */ = {
			isa = PBXResourcesBuildPhase;
			buildActionMask = 2147483647;
			files = (
				33D721761E3F5FC30071FC2D /* Assets.bundle in Resources */,
				33CD19F51E6B981F0019C279 /* OpenSans-Bold.ttf in Resources */,
				33CD19F61E6B981F0019C279 /* OpenSans-Light.ttf in Resources */,
				335EA7191E31D5E800416E67 /* LaunchScreen.storyboard in Resources */,
				335EA7161E31D5E800416E67 /* Assets.xcassets in Resources */,
				33C2602D1E45BA6B00C251C0 /* audiofile.mp3 in Resources */,
				335EA7111E31D5E800416E67 /* Main.storyboard in Resources */,
				33CD19F71E6B981F0019C279 /* OpenSans-Regular.ttf in Resources */,
				333724C01E360DAD001DBE50 /* GoogleMaps.bundle in Resources */,
			);
			runOnlyForDeploymentPostprocessing = 0;
		};
		335EA71D1E31D5E800416E67 /* Resources */ = {
			isa = PBXResourcesBuildPhase;
			buildActionMask = 2147483647;
			files = (
			);
			runOnlyForDeploymentPostprocessing = 0;
		};
		335EA7281E31D5E800416E67 /* Resources */ = {
			isa = PBXResourcesBuildPhase;
			buildActionMask = 2147483647;
			files = (
			);
			runOnlyForDeploymentPostprocessing = 0;
		};
/* End PBXResourcesBuildPhase section */

/* Begin PBXSourcesBuildPhase section */
		335EA6FF1E31D5E800416E67 /* Sources */ = {
			isa = PBXSourcesBuildPhase;
			buildActionMask = 2147483647;
			files = (
				33C260271E457CBF00C251C0 /* PodDetailVideoTableViewCell.m in Sources */,
				33AC57341E38AA5800F71699 /* EventsTableViewController.m in Sources */,
				33C2601B1E456FD000C251C0 /* PodcastDetailsTableViewController.m in Sources */,
				33F5007A1E38BEE200A16D32 /* BaseViewController.m in Sources */,
				335EA70B1E31D5E800416E67 /* AppDelegate.m in Sources */,
				33C260241E457CAC00C251C0 /* PodDetailAudioTableViewCell.m in Sources */,
				33A8DF751E3C0C9C003EB844 /* SattelitesTableViewController.m in Sources */,
				333724E11E361229001DBE50 /* NewsTableViewController.m in Sources */,
				33A5CD981E41F57700B6D9EC /* PodcastTableViewCell.m in Sources */,
				33D721771E3F5FC30071FC2D /* YTPlayerView.m in Sources */,
				33EFBC4E1E3CBC9B00A72040 /* SattelitesTableViewCell.m in Sources */,
				33C260211E457C9800C251C0 /* PodDetailDescriptionTableViewCell.m in Sources */,
				3306F1C11E6453050020D2C1 /* NewsCollapsedTableViewCell.m in Sources */,
				33A5CD951E41EF7400B6D9EC /* PodcastViewController.m in Sources */,
				335EA7141E31D5E800416E67 /* CCF_Project.xcdatamodeld in Sources */,
				333724A91E3608A5001DBE50 /* MapViewController.m in Sources */,
				332746AC1E322BCA003A0A20 /* ScrollableMenubarViewController.m in Sources */,
				33D721701E3F4AA40071FC2D /* LiveStreamingViewController.m in Sources */,
				33CD19FE1E6BEF660019C279 /* UIButton+LocationValues.m in Sources */,
				33C2601E1E457C5100C251C0 /* PodDetailImageTableViewCell.m in Sources */,
				33F500771E38BC7500A16D32 /* EventsDetailViewController.m in Sources */,
				33C2602B1E45B7C100C251C0 /* YMCAudioPlayer.m in Sources */,
				33C260301E45D0BA00C251C0 /* SettingsTableViewController.m in Sources */,
				335EA7081E31D5E800416E67 /* main.m in Sources */,
			);
			runOnlyForDeploymentPostprocessing = 0;
		};
		335EA71B1E31D5E800416E67 /* Sources */ = {
			isa = PBXSourcesBuildPhase;
			buildActionMask = 2147483647;
			files = (
				335EA7241E31D5E800416E67 /* CCF_ProjectTests.m in Sources */,
			);
			runOnlyForDeploymentPostprocessing = 0;
		};
		335EA7261E31D5E800416E67 /* Sources */ = {
			isa = PBXSourcesBuildPhase;
			buildActionMask = 2147483647;
			files = (
				335EA72F1E31D5E800416E67 /* CCF_ProjectUITests.m in Sources */,
			);
			runOnlyForDeploymentPostprocessing = 0;
		};
/* End PBXSourcesBuildPhase section */

/* Begin PBXTargetDependency section */
		335EA7211E31D5E800416E67 /* PBXTargetDependency */ = {
			isa = PBXTargetDependency;
			target = 335EA7021E31D5E800416E67 /* CCF-Project */;
			targetProxy = 335EA7201E31D5E800416E67 /* PBXContainerItemProxy */;
		};
		335EA72C1E31D5E800416E67 /* PBXTargetDependency */ = {
			isa = PBXTargetDependency;
			target = 335EA7021E31D5E800416E67 /* CCF-Project */;
			targetProxy = 335EA72B1E31D5E800416E67 /* PBXContainerItemProxy */;
		};
/* End PBXTargetDependency section */

/* Begin PBXVariantGroup section */
		335EA70F1E31D5E800416E67 /* Main.storyboard */ = {
			isa = PBXVariantGroup;
			children = (
				335EA7101E31D5E800416E67 /* Base */,
			);
			name = Main.storyboard;
			path = ..;
			sourceTree = "<group>";
		};
		335EA7171E31D5E800416E67 /* LaunchScreen.storyboard */ = {
			isa = PBXVariantGroup;
			children = (
				335EA7181E31D5E800416E67 /* Base */,
			);
			name = LaunchScreen.storyboard;
			path = ..;
			sourceTree = "<group>";
		};
/* End PBXVariantGroup section */

/* Begin XCBuildConfiguration section */
		335EA7311E31D5E800416E67 /* Debug */ = {
			isa = XCBuildConfiguration;
			buildSettings = {
				ALWAYS_SEARCH_USER_PATHS = NO;
				CLANG_ANALYZER_NONNULL = YES;
				CLANG_CXX_LANGUAGE_STANDARD = "gnu++0x";
				CLANG_CXX_LIBRARY = "libc++";
				CLANG_ENABLE_MODULES = YES;
				CLANG_ENABLE_OBJC_ARC = YES;
				CLANG_WARN_BOOL_CONVERSION = YES;
				CLANG_WARN_CONSTANT_CONVERSION = YES;
				CLANG_WARN_DIRECT_OBJC_ISA_USAGE = YES_ERROR;
				CLANG_WARN_DOCUMENTATION_COMMENTS = YES;
				CLANG_WARN_EMPTY_BODY = YES;
				CLANG_WARN_ENUM_CONVERSION = YES;
				CLANG_WARN_INFINITE_RECURSION = YES;
				CLANG_WARN_INT_CONVERSION = YES;
				CLANG_WARN_OBJC_ROOT_CLASS = YES_ERROR;
				CLANG_WARN_SUSPICIOUS_MOVES = YES;
				CLANG_WARN_UNREACHABLE_CODE = YES;
				CLANG_WARN__DUPLICATE_METHOD_MATCH = YES;
				"CODE_SIGN_IDENTITY[sdk=iphoneos*]" = "iPhone Developer";
				COPY_PHASE_STRIP = NO;
				DEBUG_INFORMATION_FORMAT = dwarf;
				ENABLE_STRICT_OBJC_MSGSEND = YES;
				ENABLE_TESTABILITY = YES;
				GCC_C_LANGUAGE_STANDARD = gnu99;
				GCC_DYNAMIC_NO_PIC = NO;
				GCC_NO_COMMON_BLOCKS = YES;
				GCC_OPTIMIZATION_LEVEL = 0;
				GCC_PREPROCESSOR_DEFINITIONS = (
					"DEBUG=1",
					"$(inherited)",
				);
				GCC_WARN_64_TO_32_BIT_CONVERSION = YES;
				GCC_WARN_ABOUT_RETURN_TYPE = YES_ERROR;
				GCC_WARN_UNDECLARED_SELECTOR = YES;
				GCC_WARN_UNINITIALIZED_AUTOS = YES_AGGRESSIVE;
				GCC_WARN_UNUSED_FUNCTION = YES;
				GCC_WARN_UNUSED_VARIABLE = YES;
				IPHONEOS_DEPLOYMENT_TARGET = 10.0;
				MTL_ENABLE_DEBUG_INFO = YES;
				ONLY_ACTIVE_ARCH = YES;
				OTHER_LDFLAGS = "-ObjC";
				SDKROOT = iphoneos;
			};
			name = Debug;
		};
		335EA7321E31D5E800416E67 /* Release */ = {
			isa = XCBuildConfiguration;
			buildSettings = {
				ALWAYS_SEARCH_USER_PATHS = NO;
				CLANG_ANALYZER_NONNULL = YES;
				CLANG_CXX_LANGUAGE_STANDARD = "gnu++0x";
				CLANG_CXX_LIBRARY = "libc++";
				CLANG_ENABLE_MODULES = YES;
				CLANG_ENABLE_OBJC_ARC = YES;
				CLANG_WARN_BOOL_CONVERSION = YES;
				CLANG_WARN_CONSTANT_CONVERSION = YES;
				CLANG_WARN_DIRECT_OBJC_ISA_USAGE = YES_ERROR;
				CLANG_WARN_DOCUMENTATION_COMMENTS = YES;
				CLANG_WARN_EMPTY_BODY = YES;
				CLANG_WARN_ENUM_CONVERSION = YES;
				CLANG_WARN_INFINITE_RECURSION = YES;
				CLANG_WARN_INT_CONVERSION = YES;
				CLANG_WARN_OBJC_ROOT_CLASS = YES_ERROR;
				CLANG_WARN_SUSPICIOUS_MOVES = YES;
				CLANG_WARN_UNREACHABLE_CODE = YES;
				CLANG_WARN__DUPLICATE_METHOD_MATCH = YES;
				"CODE_SIGN_IDENTITY[sdk=iphoneos*]" = "iPhone Developer";
				COPY_PHASE_STRIP = NO;
				DEBUG_INFORMATION_FORMAT = "dwarf-with-dsym";
				ENABLE_NS_ASSERTIONS = NO;
				ENABLE_STRICT_OBJC_MSGSEND = YES;
				GCC_C_LANGUAGE_STANDARD = gnu99;
				GCC_NO_COMMON_BLOCKS = YES;
				GCC_WARN_64_TO_32_BIT_CONVERSION = YES;
				GCC_WARN_ABOUT_RETURN_TYPE = YES_ERROR;
				GCC_WARN_UNDECLARED_SELECTOR = YES;
				GCC_WARN_UNINITIALIZED_AUTOS = YES_AGGRESSIVE;
				GCC_WARN_UNUSED_FUNCTION = YES;
				GCC_WARN_UNUSED_VARIABLE = YES;
				IPHONEOS_DEPLOYMENT_TARGET = 10.0;
				MTL_ENABLE_DEBUG_INFO = NO;
				OTHER_LDFLAGS = "-ObjC";
				SDKROOT = iphoneos;
				VALIDATE_PRODUCT = YES;
			};
			name = Release;
		};
		335EA7341E31D5E800416E67 /* Debug */ = {
			isa = XCBuildConfiguration;
			buildSettings = {
				ASSETCATALOG_COMPILER_APPICON_NAME = AppIcon;
				"CODE_SIGN_IDENTITY[sdk=iphoneos*]" = "iPhone Distribution";
				DEVELOPMENT_TEAM = YSNGH6HTET;
				FRAMEWORK_SEARCH_PATHS = (
					"$(inherited)",
					"$(PROJECT_DIR)/CCF-Project/Frameworks",
				);
				INFOPLIST_FILE = "CCF-Project/Info.plist";
				LD_RUNPATH_SEARCH_PATHS = "$(inherited) @executable_path/Frameworks";
				PRODUCT_BUNDLE_IDENTIFIER = ph.bilinear.ccf;
				PRODUCT_NAME = "$(TARGET_NAME)";
				PROVISIONING_PROFILE = "b41f1826-0562-424a-ad2d-438273bca8a6";
				PROVISIONING_PROFILE_SPECIFIER = "CCF AppStore";
			};
			name = Debug;
		};
		335EA7351E31D5E800416E67 /* Release */ = {
			isa = XCBuildConfiguration;
			buildSettings = {
				ASSETCATALOG_COMPILER_APPICON_NAME = AppIcon;
				"CODE_SIGN_IDENTITY[sdk=iphoneos*]" = "iPhone Distribution";
				DEVELOPMENT_TEAM = YSNGH6HTET;
				FRAMEWORK_SEARCH_PATHS = (
					"$(inherited)",
					"$(PROJECT_DIR)/CCF-Project/Frameworks",
				);
				INFOPLIST_FILE = "CCF-Project/Info.plist";
				LD_RUNPATH_SEARCH_PATHS = "$(inherited) @executable_path/Frameworks";
				PRODUCT_BUNDLE_IDENTIFIER = ph.bilinear.ccf;
				PRODUCT_NAME = "$(TARGET_NAME)";
				PROVISIONING_PROFILE = "b41f1826-0562-424a-ad2d-438273bca8a6";
				PROVISIONING_PROFILE_SPECIFIER = "CCF AppStore";
			};
			name = Release;
		};
		335EA7371E31D5E800416E67 /* Debug */ = {
			isa = XCBuildConfiguration;
			buildSettings = {
				BUNDLE_LOADER = "$(TEST_HOST)";
				INFOPLIST_FILE = "CCF-ProjectTests/Info.plist";
				LD_RUNPATH_SEARCH_PATHS = "$(inherited) @executable_path/Frameworks @loader_path/Frameworks";
				PRODUCT_BUNDLE_IDENTIFIER = "com.jovhengshuapps.CCF-ProjectTests";
				PRODUCT_NAME = "$(TARGET_NAME)";
				TEST_HOST = "$(BUILT_PRODUCTS_DIR)/CCF-Project.app/CCF-Project";
			};
			name = Debug;
		};
		335EA7381E31D5E800416E67 /* Release */ = {
			isa = XCBuildConfiguration;
			buildSettings = {
				BUNDLE_LOADER = "$(TEST_HOST)";
				INFOPLIST_FILE = "CCF-ProjectTests/Info.plist";
				LD_RUNPATH_SEARCH_PATHS = "$(inherited) @executable_path/Frameworks @loader_path/Frameworks";
				PRODUCT_BUNDLE_IDENTIFIER = "com.jovhengshuapps.CCF-ProjectTests";
				PRODUCT_NAME = "$(TARGET_NAME)";
				TEST_HOST = "$(BUILT_PRODUCTS_DIR)/CCF-Project.app/CCF-Project";
			};
			name = Release;
		};
		335EA73A1E31D5E800416E67 /* Debug */ = {
			isa = XCBuildConfiguration;
			buildSettings = {
				INFOPLIST_FILE = "CCF-ProjectUITests/Info.plist";
				LD_RUNPATH_SEARCH_PATHS = "$(inherited) @executable_path/Frameworks @loader_path/Frameworks";
				PRODUCT_BUNDLE_IDENTIFIER = "com.jovhengshuapps.CCF-ProjectUITests";
				PRODUCT_NAME = "$(TARGET_NAME)";
				TEST_TARGET_NAME = "CCF-Project";
			};
			name = Debug;
		};
		335EA73B1E31D5E800416E67 /* Release */ = {
			isa = XCBuildConfiguration;
			buildSettings = {
				INFOPLIST_FILE = "CCF-ProjectUITests/Info.plist";
				LD_RUNPATH_SEARCH_PATHS = "$(inherited) @executable_path/Frameworks @loader_path/Frameworks";
				PRODUCT_BUNDLE_IDENTIFIER = "com.jovhengshuapps.CCF-ProjectUITests";
				PRODUCT_NAME = "$(TARGET_NAME)";
				TEST_TARGET_NAME = "CCF-Project";
			};
			name = Release;
		};
/* End XCBuildConfiguration section */

/* Begin XCConfigurationList section */
		335EA6FE1E31D5E700416E67 /* Build configuration list for PBXProject "CCF-Project" */ = {
			isa = XCConfigurationList;
			buildConfigurations = (
				335EA7311E31D5E800416E67 /* Debug */,
				335EA7321E31D5E800416E67 /* Release */,
			);
			defaultConfigurationIsVisible = 0;
			defaultConfigurationName = Release;
		};
		335EA7331E31D5E800416E67 /* Build configuration list for PBXNativeTarget "CCF-Project" */ = {
			isa = XCConfigurationList;
			buildConfigurations = (
				335EA7341E31D5E800416E67 /* Debug */,
				335EA7351E31D5E800416E67 /* Release */,
			);
			defaultConfigurationIsVisible = 0;
			defaultConfigurationName = Release;
		};
		335EA7361E31D5E800416E67 /* Build configuration list for PBXNativeTarget "CCF-ProjectTests" */ = {
			isa = XCConfigurationList;
			buildConfigurations = (
				335EA7371E31D5E800416E67 /* Debug */,
				335EA7381E31D5E800416E67 /* Release */,
			);
			defaultConfigurationIsVisible = 0;
			defaultConfigurationName = Release;
		};
		335EA7391E31D5E800416E67 /* Build configuration list for PBXNativeTarget "CCF-ProjectUITests" */ = {
			isa = XCConfigurationList;
			buildConfigurations = (
				335EA73A1E31D5E800416E67 /* Debug */,
				335EA73B1E31D5E800416E67 /* Release */,
			);
			defaultConfigurationIsVisible = 0;
			defaultConfigurationName = Release;
		};
/* End XCConfigurationList section */

/* Begin XCVersionGroup section */
		335EA7121E31D5E800416E67 /* CCF_Project.xcdatamodeld */ = {
			isa = XCVersionGroup;
			children = (
				335EA7131E31D5E800416E67 /* CCF_Project.xcdatamodel */,
			);
			currentVersion = 335EA7131E31D5E800416E67 /* CCF_Project.xcdatamodel */;
			path = CCF_Project.xcdatamodeld;
			sourceTree = "<group>";
			versionGroupType = wrapper.xcdatamodel;
		};
/* End XCVersionGroup section */
	};
	rootObject = 335EA6FB1E31D5E700416E67 /* Project object */;
}
